# This file was autogenerated by Stack.
# You should not edit this file by hand.
# For more information, please see the documentation at:
#   https://docs.haskellstack.org/en/stable/lock_files

packages:
- completed:
    commit: adcff653247451e56f956f76e7bc173cc17b6e9d
    git: https://github.com/iamnewspecies/word24.git
    name: word24
    pantry-tree:
      sha256: 053ffcd93658a08c358d6f23a1f5d0c25403ff63adfe2d159e126688d45a758e
      size: 864
    version: 2.0.1
  original:
    commit: adcff653247451e56f956f76e7bc173cc17b6e9d
    git: https://github.com/iamnewspecies/word24.git
- completed:
    hackage: word-compat-0.0.6@sha256:d732734492d91a0a2007154339ed8ed02d2c094340cee4af53db265d593f3fb2,1427
    pantry-tree:
      sha256: 182dc64fa0d1fc8eb235b26ae7f8801c848f8256b058e95518cd69fbcb739c38
      size: 355
  original:
    hackage: word-compat-0.0.6@sha256:d732734492d91a0a2007154339ed8ed02d2c094340cee4af53db265d593f3fb2,1427
- completed:
    hackage: tcp-streams-openssl-1.0.1.0@sha256:7703516e782b3b86a0a8cea2140da1b50810f3b9820d8fce83eec8de46e5f592,1929
    pantry-tree:
      sha256: e612f1a55e976d88f5b2ce91bcd14439d4bb88aeff5cb142190b56d0f8755a70
      size: 761
  original:
    hackage: tcp-streams-openssl-1.0.1.0@sha256:7703516e782b3b86a0a8cea2140da1b50810f3b9820d8fce83eec8de46e5f592,1929
- completed:
    hackage: network-2.8.0.1@sha256:0f165dffa752d8cde30c2bde86f80609c4f1dc5eeb3182d593041f97839c5b3b,3011
    pantry-tree:
      sha256: 2dbdda2225969dcd452d983a2ac7e52341e5fc1df76103342c9fac08fc686931
      size: 2488
  original:
    hackage: network-2.8.0.1@sha256:0f165dffa752d8cde30c2bde86f80609c4f1dc5eeb3182d593041f97839c5b3b,3011
snapshots:
- completed:
    sha256: ae630fb633086fb5128ec338a40a60c0f2b0a0f1bcfa9920c15855df2001338e
    size: 619204
    url: https://raw.githubusercontent.com/commercialhaskell/stackage-snapshots/master/lts/19/32.yaml
  original: lts-19.32
